github.com/carlmjohnson/be v0.22.4 h1:CEYQrjQu8ABgEryNXibdk9gvJb7I0yg3iTAK7L4c2bk=
github.com/carlmjohnson/crockford v0.22.2 h1:xvJJfTQBHmD6sbkGKVsVa3kL3+1oxXmyhiv874U1DX8=
github.com/carlmjohnson/crockford v0.22.2/go.mod h1:+uz/aAJerF/noKb/fS4l9vl4bFexgpDjdVoL9XeKn/0=
github.com/carlmjohnson/exitcode v0.20.2 h1:vE6rmkCGNA4kO4m1qwWIa77PKlUBVg46cNjs22eAOXE=
github.com/carlmjohnson/exitcode v0.20.2/go.mod h1:MZ6ThCDx517DQcrpYnnns1pLh8onjFl+B/AsrOrdmpc=
github.com/carlmjohnson/flagx v0.22.2 h1:UXf7gL4Ffv5RIH/HKp8CGNzDyopgezFLrDO1m4F8jWc=
github.com/carlmjohnson/flagx v0.22.2/go.mod h1:obobISvBnxgEXPLBITVXhRUOlSlzza1SGt34M64CPJc=
github.com/carlmjohnson/versioninfo v0.22.4 h1:AucUHDSKmk6j7Yx3dECGUxaowGHOAN0Zx5/EBtsXn4Y=
github.com/carlmjohnson/versioninfo v0.22.4/go.mod h1:QT9mph3wcVfISUKd0i9sZfVrPviHuSF+cUtLjm2WSf8=
